
Microsoft Visual Studio Solution File, Format Version 12.00
# Visual Studio Version 16
VisualStudioVersion = 16.0.30413.136
MinimumVisualStudioVersion = 10.0.40219.1
Project("{FAE04EC0-301F-11D3-BF4B-00C04F79EFBC}") = "praktikumweek15", "praktikumweek15\praktikumweek15.csproj", "{ED62A9C6-C734-459E-98BD-2A62F2003A1E}"
EndProject
Global
	GlobalSection(SolutionConfigurationPlatforms) = preSolution
		Debug|Any CPU = Debug|Any CPU
		Release|Any CPU = Release|Any CPU
	EndGlobalSection
	GlobalSection(ProjectConfigurationPlatforms) = postSolution
		{ED62A9C6-C734-459E-98BD-2A62F2003A1E}.Debug|Any CPU.ActiveCfg = Debug|Any CPU
		{ED62A9C6-C734-459E-98BD-2A62F2003A1E}.Debug|Any CPU.Build.0 = Debug|Any CPU
		{ED62A9C6-C734-459E-98BD-2A62F2003A1E}.Release|Any CPU.ActiveCfg = Release|Any CPU
		{ED62A9C6-C734-459E-98BD-2A62F2003A1E}.Release|Any CPU.Build.0 = Release|Any CPU
	EndGlobalSection
	GlobalSection(SolutionProperties) = preSolution
		HideSolutionNode = FALSE
	EndGlobalSection
	GlobalSection(ExtensibilityGlobals) = postSolution
		SolutionGuid = {FE3D6AD5-AE42-4FFD-805E-7DCB584134CA}
	EndGlobalSection
EndGlobal
